
Microsoft Visual Studio Solution File, Format Version 12.00
# Visual Studio 15
VisualStudioVersion = 15.0.28307.572
MinimumVisualStudioVersion = 10.0.40219.1
Project("{FAE04EC0-301F-11D3-BF4B-00C04F79EFBC}") = "NWDAlistirma", "NWDAlistirma\NWDAlistirma.csproj", "{5F39C033-4E8C-47AA-91D7-CA2B2CF3A54C}"
EndProject
Global
	GlobalSection(SolutionConfigurationPlatforms) = preSolution
		Debug|Any CPU = Debug|Any CPU
		Release|Any CPU = Release|Any CPU
	EndGlobalSection
	GlobalSection(ProjectConfigurationPlatforms) = postSolution
		{5F39C033-4E8C-47AA-91D7-CA2B2CF3A54C}.Debug|Any CPU.ActiveCfg = Debug|Any CPU
		{5F39C033-4E8C-47AA-91D7-CA2B2CF3A54C}.Debug|Any CPU.Build.0 = Debug|Any CPU
		{5F39C033-4E8C-47AA-91D7-CA2B2CF3A54C}.Release|Any CPU.ActiveCfg = Release|Any CPU
		{5F39C033-4E8C-47AA-91D7-CA2B2CF3A54C}.Release|Any CPU.Build.0 = Release|Any CPU
	EndGlobalSection
	GlobalSection(SolutionProperties) = preSolution
		HideSolutionNode = FALSE
	EndGlobalSection
	GlobalSection(ExtensibilityGlobals) = postSolution
		SolutionGuid = {20097DB0-2A1E-485C-85D6-E899442E2B93}
	EndGlobalSection
EndGlobal
